
Microsoft Visual Studio Solution File, Format Version 12.00
# Visual Studio Version 16
VisualStudioVersion = 16.0.31624.102
MinimumVisualStudioVersion = 10.0.40219.1
Project("{9A19103F-16F7-4668-BE54-9A1E7A4F7556}") = "Task_1", "Task_1\Task_1.csproj", "{0F3F1805-BCD4-45C6-847C-7C6B67F739B3}"
EndProject
Project("{FAE04EC0-301F-11D3-BF4B-00C04F79EFBC}") = "Task_1.2", "Task_1.2\Task_1.2.csproj", "{FA8F459F-E5E3-4CCA-B329-3C2E514E4965}"
EndProject
Project("{FAE04EC0-301F-11D3-BF4B-00C04F79EFBC}") = "Tack_1.3", "Tack_1.3\Tack_1.3.csproj", "{A51CD6A3-1F71-4D69-B941-254BBFF263C7}"
EndProject
Project("{FAE04EC0-301F-11D3-BF4B-00C04F79EFBC}") = "Task_1.3", "Task_1.3\Task_1.3.csproj", "{94DD70BF-9640-4EF2-8D5A-6DA35BC5DDDB}"
EndProject
Global
	GlobalSection(SolutionConfigurationPlatforms) = preSolution
		Debug|Any CPU = Debug|Any CPU
		Release|Any CPU = Release|Any CPU
	EndGlobalSection
	GlobalSection(ProjectConfigurationPlatforms) = postSolution
		{0F3F1805-BCD4-45C6-847C-7C6B67F739B3}.Debug|Any CPU.ActiveCfg = Debug|Any CPU
		{0F3F1805-BCD4-45C6-847C-7C6B67F739B3}.Debug|Any CPU.Build.0 = Debug|Any CPU
		{0F3F1805-BCD4-45C6-847C-7C6B67F739B3}.Release|Any CPU.ActiveCfg = Release|Any CPU
		{0F3F1805-BCD4-45C6-847C-7C6B67F739B3}.Release|Any CPU.Build.0 = Release|Any CPU
		{FA8F459F-E5E3-4CCA-B329-3C2E514E4965}.Debug|Any CPU.ActiveCfg = Debug|Any CPU
		{FA8F459F-E5E3-4CCA-B329-3C2E514E4965}.Debug|Any CPU.Build.0 = Debug|Any CPU
		{FA8F459F-E5E3-4CCA-B329-3C2E514E4965}.Release|Any CPU.ActiveCfg = Release|Any CPU
		{FA8F459F-E5E3-4CCA-B329-3C2E514E4965}.Release|Any CPU.Build.0 = Release|Any CPU
		{A51CD6A3-1F71-4D69-B941-254BBFF263C7}.Debug|Any CPU.ActiveCfg = Debug|Any CPU
		{A51CD6A3-1F71-4D69-B941-254BBFF263C7}.Debug|Any CPU.Build.0 = Debug|Any CPU
		{A51CD6A3-1F71-4D69-B941-254BBFF263C7}.Release|Any CPU.ActiveCfg = Release|Any CPU
		{A51CD6A3-1F71-4D69-B941-254BBFF263C7}.Release|Any CPU.Build.0 = Release|Any CPU
		{94DD70BF-9640-4EF2-8D5A-6DA35BC5DDDB}.Debug|Any CPU.ActiveCfg = Debug|Any CPU
		{94DD70BF-9640-4EF2-8D5A-6DA35BC5DDDB}.Debug|Any CPU.Build.0 = Debug|Any CPU
		{94DD70BF-9640-4EF2-8D5A-6DA35BC5DDDB}.Release|Any CPU.ActiveCfg = Release|Any CPU
		{94DD70BF-9640-4EF2-8D5A-6DA35BC5DDDB}.Release|Any CPU.Build.0 = Release|Any CPU
	EndGlobalSection
	GlobalSection(SolutionProperties) = preSolution
		HideSolutionNode = FALSE
	EndGlobalSection
	GlobalSection(ExtensibilityGlobals) = postSolution
		SolutionGuid = {F29E7E57-E660-44E3-8258-388E4666F5C8}
	EndGlobalSection
EndGlobal
